dependencies:
- name: xds
  repository: file://./../xds
  version: 1.0.0
- name: xds
  repository: file://./../authz
  version: 1.0.0
- name: front
  repository: file://./../front
  version: 1.0.0
- name: back
  repository: file://./../back
  version: 1.0.0
- name: postgresql
  repository: file://./../postgresql
  version: 6.5.9
- name: redis
  repository: file://./../redis
  version: 9.5.2
digest: sha256:85936b065c8d141eee74ccd73a31b1f50c480258a1c834d74b71869a7ad64a4c
generated: "2019-11-12T15:43:50.224451-07:00"
