dependencies:
- name: xds
  repository: file://./../xds
  version: 1.0.0
- name: authz
  repository: file://./../authz
  version: 1.0.0
- name: front
  repository: file://./../front
  version: 1.0.0
- name: back
  repository: file://./../back
  version: 1.0.0
- name: postgresql
  repository: file://./../postgresql
  version: 6.5.9
- name: redis
  repository: file://./../redis
  version: 9.5.2
digest: sha256:6e01ecf0eed674f6d43931ce29e48b08856a82b9d122f32bf3f0c463fd38521d
generated: "2019-11-12T21:42:20.465274-07:00"
