dependencies:
- name: xds
  repository: file://./../xds
  version: 1.0.0
- name: front
  repository: file://./../front
  version: 1.0.0
- name: back
  repository: file://./../back
  version: 1.0.0
- name: postgresql
  repository: file://./../postgresql
  version: 6.5.9
digest: sha256:6b6038c4f8a4499c1783b836b965383d43306a422a8d7d8b0cd9f8eda6493b5e
generated: 2019-11-08T15:06:42.479202785Z
